
Microsoft Visual Studio Solution File, Format Version 12.00
# Visual Studio Version 17
VisualStudioVersion = 17.14.36212.18 d17.14
MinimumVisualStudioVersion = 10.0.40219.1
Project("{FAE04EC0-301F-11D3-BF4B-00C04F79EFBC}") = "CineMatrix.Web", "CineMatrix\CineMatrix.Web.csproj", "{E98C2133-FA81-4188-9A06-BDE64BDDD247}"
EndProject
Project("{FAE04EC0-301F-11D3-BF4B-00C04F79EFBC}") = "CineMatrix.Domain", "CineMatrix.Domain\CineMatrix.Domain.csproj", "{4A506CA7-5F87-40B1-8D3D-79F3530253FB}"
EndProject
Project("{FAE04EC0-301F-11D3-BF4B-00C04F79EFBC}") = "CineMatrix.Repository", "CineMatrix.Repository\CineMatrix.Repository.csproj", "{40576711-B157-48D4-BEC1-2904B01D8B8C}"
EndProject
Project("{FAE04EC0-301F-11D3-BF4B-00C04F79EFBC}") = "CineMatrix.Service", "CineMatrix.Service\CineMatrix.Service.csproj", "{B3920CB0-093C-4DBB-9948-427318B0FC6D}"
EndProject
Project("{2150E333-8FDC-42A3-9474-1A3956D46DE8}") = "Solution Items", "Solution Items", "{8EC462FD-D22E-90A8-E5CE-7E832BA40C5D}"
	ProjectSection(SolutionItems) = preProject
		.gitignore = .gitignore
		appsettings.example.json = appsettings.example.json
	EndProjectSection
EndProject
Global
	GlobalSection(SolutionConfigurationPlatforms) = preSolution
		Debug|Any CPU = Debug|Any CPU
		Release|Any CPU = Release|Any CPU
	EndGlobalSection
	GlobalSection(ProjectConfigurationPlatforms) = postSolution
		{E98C2133-FA81-4188-9A06-BDE64BDDD247}.Debug|Any CPU.ActiveCfg = Debug|Any CPU
		{E98C2133-FA81-4188-9A06-BDE64BDDD247}.Debug|Any CPU.Build.0 = Debug|Any CPU
		{E98C2133-FA81-4188-9A06-BDE64BDDD247}.Release|Any CPU.ActiveCfg = Release|Any CPU
		{E98C2133-FA81-4188-9A06-BDE64BDDD247}.Release|Any CPU.Build.0 = Release|Any CPU
		{4A506CA7-5F87-40B1-8D3D-79F3530253FB}.Debug|Any CPU.ActiveCfg = Debug|Any CPU
		{4A506CA7-5F87-40B1-8D3D-79F3530253FB}.Debug|Any CPU.Build.0 = Debug|Any CPU
		{4A506CA7-5F87-40B1-8D3D-79F3530253FB}.Release|Any CPU.ActiveCfg = Release|Any CPU
		{4A506CA7-5F87-40B1-8D3D-79F3530253FB}.Release|Any CPU.Build.0 = Release|Any CPU
		{40576711-B157-48D4-BEC1-2904B01D8B8C}.Debug|Any CPU.ActiveCfg = Debug|Any CPU
		{40576711-B157-48D4-BEC1-2904B01D8B8C}.Debug|Any CPU.Build.0 = Debug|Any CPU
		{40576711-B157-48D4-BEC1-2904B01D8B8C}.Release|Any CPU.ActiveCfg = Release|Any CPU
		{40576711-B157-48D4-BEC1-2904B01D8B8C}.Release|Any CPU.Build.0 = Release|Any CPU
		{B3920CB0-093C-4DBB-9948-427318B0FC6D}.Debug|Any CPU.ActiveCfg = Debug|Any CPU
		{B3920CB0-093C-4DBB-9948-427318B0FC6D}.Debug|Any CPU.Build.0 = Debug|Any CPU
		{B3920CB0-093C-4DBB-9948-427318B0FC6D}.Release|Any CPU.ActiveCfg = Release|Any CPU
		{B3920CB0-093C-4DBB-9948-427318B0FC6D}.Release|Any CPU.Build.0 = Release|Any CPU
	EndGlobalSection
	GlobalSection(SolutionProperties) = preSolution
		HideSolutionNode = FALSE
	EndGlobalSection
	GlobalSection(ExtensibilityGlobals) = postSolution
		SolutionGuid = {05838A42-2600-4CCF-AEF8-56B042E4B2B8}
	EndGlobalSection
EndGlobal
